// !$*UTF8*$!
{
	archiveVersion = 1;
	classes = {
	};
	objectVersion = 51;
	objects = {

/* Begin PBXBuildFile section */
		59C69247C06F95712A69201C /* Pods_GyMate.framework in Frameworks */ = {isa = PBXBuildFile; fileRef = 9994C15FB4503254A3AEFBB8 /* Pods_GyMate.framework */; };
		AE2D729A2386E82200E58FC7 /* DashboardViewController.swift in Sources */ = {isa = PBXBuildFile; fileRef = AE2D72992386E82200E58FC7 /* DashboardViewController.swift */; };
		AE2D729C2386E85B00E58FC7 /* AddWorkoutViewController.swift in Sources */ = {isa = PBXBuildFile; fileRef = AE2D729B2386E85B00E58FC7 /* AddWorkoutViewController.swift */; };
		AE730821237DE8AB00456AA1 /* Workout.swift in Sources */ = {isa = PBXBuildFile; fileRef = AE730820237DE8AB00456AA1 /* Workout.swift */; };
		AE74B645238843D200AB8645 /* SelectWorkoutTableViewCell.swift in Sources */ = {isa = PBXBuildFile; fileRef = AE74B644238843D200AB8645 /* SelectWorkoutTableViewCell.swift */; };
		AED9945E2389CFC100647594 /* ExerciseTableViewCell.swift in Sources */ = {isa = PBXBuildFile; fileRef = AED9945D2389CFC100647594 /* ExerciseTableViewCell.swift */; };
		AED994602389D74100647594 /* AddExerciseViewController.swift in Sources */ = {isa = PBXBuildFile; fileRef = AED9945F2389D74100647594 /* AddExerciseViewController.swift */; };
		B826DB662377244700181369 /* QuizAnswer.swift in Sources */ = {isa = PBXBuildFile; fileRef = B826DB652377244700181369 /* QuizAnswer.swift */; };
		B82BD8EE2375AF390070130A /* BodyTypeQuiz.swift in Sources */ = {isa = PBXBuildFile; fileRef = B82BD8ED2375AF390070130A /* BodyTypeQuiz.swift */; };
		B82BD8F02375AF4A0070130A /* Question.swift in Sources */ = {isa = PBXBuildFile; fileRef = B82BD8EF2375AF4A0070130A /* Question.swift */; };
		B8507879237CF531004E23B9 /* ManualTypeSelectorViewController.swift in Sources */ = {isa = PBXBuildFile; fileRef = B8507878237CF531004E23B9 /* ManualTypeSelectorViewController.swift */; };
		B85607C5237CE88B0036B693 /* QuizConfirmationViewController.swift in Sources */ = {isa = PBXBuildFile; fileRef = B85607C4237CE88B0036B693 /* QuizConfirmationViewController.swift */; };
		B87D728523745C3300303955 /* AppDelegate.swift in Sources */ = {isa = PBXBuildFile; fileRef = B87D728423745C3300303955 /* AppDelegate.swift */; };
		B87D728723745C3300303955 /* SceneDelegate.swift in Sources */ = {isa = PBXBuildFile; fileRef = B87D728623745C3300303955 /* SceneDelegate.swift */; };
		B87D728923745C3300303955 /* LoginViewController.swift in Sources */ = {isa = PBXBuildFile; fileRef = B87D728823745C3300303955 /* LoginViewController.swift */; };
		B87D728C23745C3300303955 /* Main.storyboard in Resources */ = {isa = PBXBuildFile; fileRef = B87D728A23745C3300303955 /* Main.storyboard */; };
		B87D728E23745C3400303955 /* Assets.xcassets in Resources */ = {isa = PBXBuildFile; fileRef = B87D728D23745C3400303955 /* Assets.xcassets */; };
		B87D729123745C3400303955 /* LaunchScreen.storyboard in Resources */ = {isa = PBXBuildFile; fileRef = B87D728F23745C3400303955 /* LaunchScreen.storyboard */; };
		B87D729D237465CD00303955 /* SignUpViewController.swift in Sources */ = {isa = PBXBuildFile; fileRef = B87D729C237465CD00303955 /* SignUpViewController.swift */; };
		B87D729F23746A8300303955 /* QuizViewController.swift in Sources */ = {isa = PBXBuildFile; fileRef = B87D729E23746A8300303955 /* QuizViewController.swift */; };
		B88092062381F4D90030042C /* Exercise.swift in Sources */ = {isa = PBXBuildFile; fileRef = B88092052381F4D90030042C /* Exercise.swift */; };
		B8A260622393030500AA16AE /* Interface.storyboard in Resources */ = {isa = PBXBuildFile; fileRef = B8A260602393030500AA16AE /* Interface.storyboard */; };
		B8A260642393030700AA16AE /* Assets.xcassets in Resources */ = {isa = PBXBuildFile; fileRef = B8A260632393030700AA16AE /* Assets.xcassets */; };
		B8A2606B2393030700AA16AE /* GyMate Watch Companion Extension.appex in Embed App Extensions */ = {isa = PBXBuildFile; fileRef = B8A2606A2393030700AA16AE /* GyMate Watch Companion Extension.appex */; settings = {ATTRIBUTES = (RemoveHeadersOnCopy, ); }; };
		B8A260702393030700AA16AE /* InterfaceController.swift in Sources */ = {isa = PBXBuildFile; fileRef = B8A2606F2393030700AA16AE /* InterfaceController.swift */; };
		B8A260722393030700AA16AE /* ExtensionDelegate.swift in Sources */ = {isa = PBXBuildFile; fileRef = B8A260712393030700AA16AE /* ExtensionDelegate.swift */; };
		B8A260742393030700AA16AE /* NotificationController.swift in Sources */ = {isa = PBXBuildFile; fileRef = B8A260732393030700AA16AE /* NotificationController.swift */; };
		B8A260762393030700AA16AE /* Assets.xcassets in Resources */ = {isa = PBXBuildFile; fileRef = B8A260752393030700AA16AE /* Assets.xcassets */; };
		B8A2607B2393030700AA16AE /* GyMate Watch Companion.app in Embed Watch Content */ = {isa = PBXBuildFile; fileRef = B8A2605E2393030500AA16AE /* GyMate Watch Companion.app */; settings = {ATTRIBUTES = (RemoveHeadersOnCopy, ); }; };
		B8C450CC2374D0B800C5F714 /* PasswordResetViewController.swift in Sources */ = {isa = PBXBuildFile; fileRef = B8C450CB2374D0B800C5F714 /* PasswordResetViewController.swift */; };
		B8D15BC32374A47B004A06AD /* GoogleService-Info.plist in Resources */ = {isa = PBXBuildFile; fileRef = B8D15BC22374A47B004A06AD /* GoogleService-Info.plist */; };
/* End PBXBuildFile section */

/* Begin PBXContainerItemProxy section */
		B8A2606C2393030700AA16AE /* PBXContainerItemProxy */ = {
			isa = PBXContainerItemProxy;
			containerPortal = B87D727923745C3300303955 /* Project object */;
			proxyType = 1;
			remoteGlobalIDString = B8A260692393030700AA16AE;
			remoteInfo = "GyMate Watch Companion Extension";
		};
		B8A260792393030700AA16AE /* PBXContainerItemProxy */ = {
			isa = PBXContainerItemProxy;
			containerPortal = B87D727923745C3300303955 /* Project object */;
			proxyType = 1;
			remoteGlobalIDString = B8A2605D2393030500AA16AE;
			remoteInfo = "GyMate Watch Companion";
		};
/* End PBXContainerItemProxy section */

/* Begin PBXCopyFilesBuildPhase section */
		B8A2607C2393030800AA16AE /* Embed Watch Content */ = {
			isa = PBXCopyFilesBuildPhase;
			buildActionMask = 2147483647;
			dstPath = "$(CONTENTS_FOLDER_PATH)/Watch";
			dstSubfolderSpec = 16;
			files = (
				B8A2607B2393030700AA16AE /* GyMate Watch Companion.app in Embed Watch Content */,
			);
			name = "Embed Watch Content";
			runOnlyForDeploymentPostprocessing = 0;
		};
		B8A2607F2393030800AA16AE /* Embed App Extensions */ = {
			isa = PBXCopyFilesBuildPhase;
			buildActionMask = 2147483647;
			dstPath = "";
			dstSubfolderSpec = 13;
			files = (
				B8A2606B2393030700AA16AE /* GyMate Watch Companion Extension.appex in Embed App Extensions */,
			);
			name = "Embed App Extensions";
			runOnlyForDeploymentPostprocessing = 0;
		};
/* End PBXCopyFilesBuildPhase section */

/* Begin PBXFileReference section */
		50F59808A52EE74937FF330A /* Pods-GyMate.debug.xcconfig */ = {isa = PBXFileReference; includeInIndex = 1; lastKnownFileType = text.xcconfig; name = "Pods-GyMate.debug.xcconfig"; path = "Target Support Files/Pods-GyMate/Pods-GyMate.debug.xcconfig"; sourceTree = "<group>"; };
		9994C15FB4503254A3AEFBB8 /* Pods_GyMate.framework */ = {isa = PBXFileReference; explicitFileType = wrapper.framework; includeInIndex = 0; path = Pods_GyMate.framework; sourceTree = BUILT_PRODUCTS_DIR; };
		AE2D72992386E82200E58FC7 /* DashboardViewController.swift */ = {isa = PBXFileReference; lastKnownFileType = sourcecode.swift; path = DashboardViewController.swift; sourceTree = "<group>"; };
		AE2D729B2386E85B00E58FC7 /* AddWorkoutViewController.swift */ = {isa = PBXFileReference; lastKnownFileType = sourcecode.swift; path = AddWorkoutViewController.swift; sourceTree = "<group>"; };
		AE730820237DE8AB00456AA1 /* Workout.swift */ = {isa = PBXFileReference; lastKnownFileType = sourcecode.swift; path = Workout.swift; sourceTree = "<group>"; };
		AE74B644238843D200AB8645 /* SelectWorkoutTableViewCell.swift */ = {isa = PBXFileReference; lastKnownFileType = sourcecode.swift; path = SelectWorkoutTableViewCell.swift; sourceTree = "<group>"; };
		AED9945D2389CFC100647594 /* ExerciseTableViewCell.swift */ = {isa = PBXFileReference; lastKnownFileType = sourcecode.swift; path = ExerciseTableViewCell.swift; sourceTree = "<group>"; };
		AED9945F2389D74100647594 /* AddExerciseViewController.swift */ = {isa = PBXFileReference; lastKnownFileType = sourcecode.swift; path = AddExerciseViewController.swift; sourceTree = "<group>"; };
		B826DB652377244700181369 /* QuizAnswer.swift */ = {isa = PBXFileReference; lastKnownFileType = sourcecode.swift; path = QuizAnswer.swift; sourceTree = "<group>"; };
		B82BD8ED2375AF390070130A /* BodyTypeQuiz.swift */ = {isa = PBXFileReference; lastKnownFileType = sourcecode.swift; path = BodyTypeQuiz.swift; sourceTree = "<group>"; };
		B82BD8EF2375AF4A0070130A /* Question.swift */ = {isa = PBXFileReference; lastKnownFileType = sourcecode.swift; path = Question.swift; sourceTree = "<group>"; };
		B8507878237CF531004E23B9 /* ManualTypeSelectorViewController.swift */ = {isa = PBXFileReference; lastKnownFileType = sourcecode.swift; path = ManualTypeSelectorViewController.swift; sourceTree = "<group>"; };
		B85607C4237CE88B0036B693 /* QuizConfirmationViewController.swift */ = {isa = PBXFileReference; lastKnownFileType = sourcecode.swift; path = QuizConfirmationViewController.swift; sourceTree = "<group>"; };
		B87D728123745C3300303955 /* GyMate.app */ = {isa = PBXFileReference; explicitFileType = wrapper.application; includeInIndex = 0; path = GyMate.app; sourceTree = BUILT_PRODUCTS_DIR; };
		B87D728423745C3300303955 /* AppDelegate.swift */ = {isa = PBXFileReference; lastKnownFileType = sourcecode.swift; path = AppDelegate.swift; sourceTree = "<group>"; };
		B87D728623745C3300303955 /* SceneDelegate.swift */ = {isa = PBXFileReference; lastKnownFileType = sourcecode.swift; path = SceneDelegate.swift; sourceTree = "<group>"; };
		B87D728823745C3300303955 /* LoginViewController.swift */ = {isa = PBXFileReference; lastKnownFileType = sourcecode.swift; path = LoginViewController.swift; sourceTree = "<group>"; };
		B87D728B23745C3300303955 /* Base */ = {isa = PBXFileReference; lastKnownFileType = file.storyboard; name = Base; path = Base.lproj/Main.storyboard; sourceTree = "<group>"; };
		B87D728D23745C3400303955 /* Assets.xcassets */ = {isa = PBXFileReference; lastKnownFileType = folder.assetcatalog; path = Assets.xcassets; sourceTree = "<group>"; };
		B87D729023745C3400303955 /* Base */ = {isa = PBXFileReference; lastKnownFileType = file.storyboard; name = Base; path = Base.lproj/LaunchScreen.storyboard; sourceTree = "<group>"; };
		B87D729223745C3400303955 /* Info.plist */ = {isa = PBXFileReference; lastKnownFileType = text.plist.xml; path = Info.plist; sourceTree = "<group>"; };
		B87D729C237465CD00303955 /* SignUpViewController.swift */ = {isa = PBXFileReference; lastKnownFileType = sourcecode.swift; path = SignUpViewController.swift; sourceTree = "<group>"; };
		B87D729E23746A8300303955 /* QuizViewController.swift */ = {isa = PBXFileReference; lastKnownFileType = sourcecode.swift; path = QuizViewController.swift; sourceTree = "<group>"; };
		B88092052381F4D90030042C /* Exercise.swift */ = {isa = PBXFileReference; fileEncoding = 4; lastKnownFileType = sourcecode.swift; path = Exercise.swift; sourceTree = "<group>"; };
		B8A2605E2393030500AA16AE /* GyMate Watch Companion.app */ = {isa = PBXFileReference; explicitFileType = wrapper.application; includeInIndex = 0; path = "GyMate Watch Companion.app"; sourceTree = BUILT_PRODUCTS_DIR; };
		B8A260612393030500AA16AE /* Base */ = {isa = PBXFileReference; lastKnownFileType = file.storyboard; name = Base; path = Base.lproj/Interface.storyboard; sourceTree = "<group>"; };
		B8A260632393030700AA16AE /* Assets.xcassets */ = {isa = PBXFileReference; lastKnownFileType = folder.assetcatalog; path = Assets.xcassets; sourceTree = "<group>"; };
		B8A260652393030700AA16AE /* Info.plist */ = {isa = PBXFileReference; lastKnownFileType = text.plist.xml; path = Info.plist; sourceTree = "<group>"; };
		B8A2606A2393030700AA16AE /* GyMate Watch Companion Extension.appex */ = {isa = PBXFileReference; explicitFileType = "wrapper.app-extension"; includeInIndex = 0; path = "GyMate Watch Companion Extension.appex"; sourceTree = BUILT_PRODUCTS_DIR; };
		B8A2606F2393030700AA16AE /* InterfaceController.swift */ = {isa = PBXFileReference; lastKnownFileType = sourcecode.swift; path = InterfaceController.swift; sourceTree = "<group>"; };
		B8A260712393030700AA16AE /* ExtensionDelegate.swift */ = {isa = PBXFileReference; lastKnownFileType = sourcecode.swift; path = ExtensionDelegate.swift; sourceTree = "<group>"; };
		B8A260732393030700AA16AE /* NotificationController.swift */ = {isa = PBXFileReference; lastKnownFileType = sourcecode.swift; path = NotificationController.swift; sourceTree = "<group>"; };
		B8A260752393030700AA16AE /* Assets.xcassets */ = {isa = PBXFileReference; lastKnownFileType = folder.assetcatalog; path = Assets.xcassets; sourceTree = "<group>"; };
		B8A260772393030700AA16AE /* Info.plist */ = {isa = PBXFileReference; lastKnownFileType = text.plist.xml; path = Info.plist; sourceTree = "<group>"; };
		B8A260782393030700AA16AE /* PushNotificationPayload.apns */ = {isa = PBXFileReference; lastKnownFileType = text; path = PushNotificationPayload.apns; sourceTree = "<group>"; };
		B8C450CA2374B6C800C5F714 /* GyMate.entitlements */ = {isa = PBXFileReference; lastKnownFileType = text.plist.entitlements; path = GyMate.entitlements; sourceTree = "<group>"; };
		B8C450CB2374D0B800C5F714 /* PasswordResetViewController.swift */ = {isa = PBXFileReference; lastKnownFileType = sourcecode.swift; path = PasswordResetViewController.swift; sourceTree = "<group>"; };
		B8D15BC22374A47B004A06AD /* GoogleService-Info.plist */ = {isa = PBXFileReference; fileEncoding = 4; lastKnownFileType = text.plist.xml; path = "GoogleService-Info.plist"; sourceTree = "<group>"; };
		EE913EA30AE51780CE2ABFEF /* Pods-GyMate.release.xcconfig */ = {isa = PBXFileReference; includeInIndex = 1; lastKnownFileType = text.xcconfig; name = "Pods-GyMate.release.xcconfig"; path = "Target Support Files/Pods-GyMate/Pods-GyMate.release.xcconfig"; sourceTree = "<group>"; };
/* End PBXFileReference section */

/* Begin PBXFrameworksBuildPhase section */
		B87D727E23745C3300303955 /* Frameworks */ = {
			isa = PBXFrameworksBuildPhase;
			buildActionMask = 2147483647;
			files = (
				59C69247C06F95712A69201C /* Pods_GyMate.framework in Frameworks */,
			);
			runOnlyForDeploymentPostprocessing = 0;
		};
		B8A260672393030700AA16AE /* Frameworks */ = {
			isa = PBXFrameworksBuildPhase;
			buildActionMask = 2147483647;
			files = (
			);
			runOnlyForDeploymentPostprocessing = 0;
		};
/* End PBXFrameworksBuildPhase section */

/* Begin PBXGroup section */
		34A035B188775ECAEEB03118 /* Pods */ = {
			isa = PBXGroup;
			children = (
				50F59808A52EE74937FF330A /* Pods-GyMate.debug.xcconfig */,
				EE913EA30AE51780CE2ABFEF /* Pods-GyMate.release.xcconfig */,
			);
			path = Pods;
			sourceTree = "<group>";
		};
		B87D727823745C3300303955 = {
			isa = PBXGroup;
			children = (
				34A035B188775ECAEEB03118 /* Pods */,
				B87D728323745C3300303955 /* GyMate */,
				B8A2605F2393030500AA16AE /* GyMate Watch Companion */,
				B8A2606E2393030700AA16AE /* GyMate Watch Companion Extension */,
				B87D728223745C3300303955 /* Products */,
				CF91396A29A1A24C82249A42 /* Frameworks */,
			);
			sourceTree = "<group>";
		};
		B87D728223745C3300303955 /* Products */ = {
			isa = PBXGroup;
			children = (
				B87D728123745C3300303955 /* GyMate.app */,
				B8A2605E2393030500AA16AE /* GyMate Watch Companion.app */,
				B8A2606A2393030700AA16AE /* GyMate Watch Companion Extension.appex */,
			);
			name = Products;
			sourceTree = "<group>";
		};
		B87D728323745C3300303955 /* GyMate */ = {
			isa = PBXGroup;
			children = (
				B8C450CA2374B6C800C5F714 /* GyMate.entitlements */,
				B87D729A23745F6000303955 /* Storyboards */,
				B87D729923745F4F00303955 /* Models */,
				B87D729823745F4700303955 /* View Controllers */,
				B87D729B23745F7C00303955 /* Graphics */,
				B87D729223745C3400303955 /* Info.plist */,
				B8D15BC22374A47B004A06AD /* GoogleService-Info.plist */,
			);
			path = GyMate;
			sourceTree = "<group>";
		};
		B87D729823745F4700303955 /* View Controllers */ = {
			isa = PBXGroup;
			children = (
				B87D728823745C3300303955 /* LoginViewController.swift */,
				B87D729C237465CD00303955 /* SignUpViewController.swift */,
				B87D729E23746A8300303955 /* QuizViewController.swift */,
				B8C450CB2374D0B800C5F714 /* PasswordResetViewController.swift */,
				B85607C4237CE88B0036B693 /* QuizConfirmationViewController.swift */,
				B8507878237CF531004E23B9 /* ManualTypeSelectorViewController.swift */,
				AE2D72992386E82200E58FC7 /* DashboardViewController.swift */,
				AE2D729B2386E85B00E58FC7 /* AddWorkoutViewController.swift */,
				AED9945F2389D74100647594 /* AddExerciseViewController.swift */,
			);
			path = "View Controllers";
			sourceTree = "<group>";
		};
		B87D729923745F4F00303955 /* Models */ = {
			isa = PBXGroup;
			children = (
				B88092052381F4D90030042C /* Exercise.swift */,
				B87D728623745C3300303955 /* SceneDelegate.swift */,
				B87D728423745C3300303955 /* AppDelegate.swift */,
				B82BD8ED2375AF390070130A /* BodyTypeQuiz.swift */,
				B82BD8EF2375AF4A0070130A /* Question.swift */,
				B826DB652377244700181369 /* QuizAnswer.swift */,
				AE730820237DE8AB00456AA1 /* Workout.swift */,
				AE74B644238843D200AB8645 /* SelectWorkoutTableViewCell.swift */,
				AED9945D2389CFC100647594 /* ExerciseTableViewCell.swift */,
			);
			path = Models;
			sourceTree = "<group>";
		};
		B87D729A23745F6000303955 /* Storyboards */ = {
			isa = PBXGroup;
			children = (
				B87D728F23745C3400303955 /* LaunchScreen.storyboard */,
				B87D728A23745C3300303955 /* Main.storyboard */,
			);
			path = Storyboards;
			sourceTree = "<group>";
		};
		B87D729B23745F7C00303955 /* Graphics */ = {
			isa = PBXGroup;
			children = (
				B87D728D23745C3400303955 /* Assets.xcassets */,
			);
			path = Graphics;
			sourceTree = "<group>";
		};
		B8A2605F2393030500AA16AE /* GyMate Watch Companion */ = {
			isa = PBXGroup;
			children = (
				B8A260602393030500AA16AE /* Interface.storyboard */,
				B8A260632393030700AA16AE /* Assets.xcassets */,
				B8A260652393030700AA16AE /* Info.plist */,
			);
			path = "GyMate Watch Companion";
			sourceTree = "<group>";
		};
		B8A2606E2393030700AA16AE /* GyMate Watch Companion Extension */ = {
			isa = PBXGroup;
			children = (
				B8A2606F2393030700AA16AE /* InterfaceController.swift */,
				B8A260712393030700AA16AE /* ExtensionDelegate.swift */,
				B8A260732393030700AA16AE /* NotificationController.swift */,
				B8A260752393030700AA16AE /* Assets.xcassets */,
				B8A260772393030700AA16AE /* Info.plist */,
				B8A260782393030700AA16AE /* PushNotificationPayload.apns */,
			);
			path = "GyMate Watch Companion Extension";
			sourceTree = "<group>";
		};
		CF91396A29A1A24C82249A42 /* Frameworks */ = {
			isa = PBXGroup;
			children = (
				9994C15FB4503254A3AEFBB8 /* Pods_GyMate.framework */,
			);
			name = Frameworks;
			sourceTree = "<group>";
		};
/* End PBXGroup section */

/* Begin PBXNativeTarget section */
		B87D728023745C3300303955 /* GyMate */ = {
			isa = PBXNativeTarget;
			buildConfigurationList = B87D729523745C3400303955 /* Build configuration list for PBXNativeTarget "GyMate" */;
			buildPhases = (
				B2E3700F2FF6A24AA48FB1E8 /* [CP] Check Pods Manifest.lock */,
				B87D727D23745C3300303955 /* Sources */,
				B87D727E23745C3300303955 /* Frameworks */,
				B87D727F23745C3300303955 /* Resources */,
				2F946111A63A920710B844ED /* [CP] Embed Pods Frameworks */,
				B8A2607C2393030800AA16AE /* Embed Watch Content */,
			);
			buildRules = (
			);
			dependencies = (
				B8A2607A2393030700AA16AE /* PBXTargetDependency */,
			);
			name = GyMate;
			productName = GyMate;
			productReference = B87D728123745C3300303955 /* GyMate.app */;
			productType = "com.apple.product-type.application";
		};
		B8A2605D2393030500AA16AE /* GyMate Watch Companion */ = {
			isa = PBXNativeTarget;
			buildConfigurationList = B8A260832393030800AA16AE /* Build configuration list for PBXNativeTarget "GyMate Watch Companion" */;
			buildPhases = (
				B8A2605C2393030500AA16AE /* Resources */,
				B8A2607F2393030800AA16AE /* Embed App Extensions */,
			);
			buildRules = (
			);
			dependencies = (
				B8A2606D2393030700AA16AE /* PBXTargetDependency */,
			);
			name = "GyMate Watch Companion";
			productName = "GyMate Watch Companion";
			productReference = B8A2605E2393030500AA16AE /* GyMate Watch Companion.app */;
			productType = "com.apple.product-type.application.watchapp2";
		};
		B8A260692393030700AA16AE /* GyMate Watch Companion Extension */ = {
			isa = PBXNativeTarget;
			buildConfigurationList = B8A260822393030800AA16AE /* Build configuration list for PBXNativeTarget "GyMate Watch Companion Extension" */;
			buildPhases = (
				B8A260662393030700AA16AE /* Sources */,
				B8A260672393030700AA16AE /* Frameworks */,
				B8A260682393030700AA16AE /* Resources */,
			);
			buildRules = (
			);
			dependencies = (
			);
			name = "GyMate Watch Companion Extension";
			productName = "GyMate Watch Companion Extension";
			productReference = B8A2606A2393030700AA16AE /* GyMate Watch Companion Extension.appex */;
			productType = "com.apple.product-type.watchkit2-extension";
		};
/* End PBXNativeTarget section */

/* Begin PBXProject section */
		B87D727923745C3300303955 /* Project object */ = {
			isa = PBXProject;
			attributes = {
				LastSwiftUpdateCheck = 1120;
				LastUpgradeCheck = 1120;
				ORGANIZATIONNAME = "The Burrito Boys";
				TargetAttributes = {
					B87D728023745C3300303955 = {
						CreatedOnToolsVersion = 11.2;
					};
					B8A2605D2393030500AA16AE = {
						CreatedOnToolsVersion = 11.2.1;
					};
					B8A260692393030700AA16AE = {
						CreatedOnToolsVersion = 11.2.1;
					};
				};
			};
			buildConfigurationList = B87D727C23745C3300303955 /* Build configuration list for PBXProject "GyMate" */;
			compatibilityVersion = "Xcode 9.3";
			developmentRegion = en;
			hasScannedForEncodings = 0;
			knownRegions = (
				en,
				Base,
			);
			mainGroup = B87D727823745C3300303955;
			productRefGroup = B87D728223745C3300303955 /* Products */;
			projectDirPath = "";
			projectRoot = "";
			targets = (
				B87D728023745C3300303955 /* GyMate */,
				B8A2605D2393030500AA16AE /* GyMate Watch Companion */,
				B8A260692393030700AA16AE /* GyMate Watch Companion Extension */,
			);
		};
/* End PBXProject section */

/* Begin PBXResourcesBuildPhase section */
		B87D727F23745C3300303955 /* Resources */ = {
			isa = PBXResourcesBuildPhase;
			buildActionMask = 2147483647;
			files = (
				B87D729123745C3400303955 /* LaunchScreen.storyboard in Resources */,
				B8D15BC32374A47B004A06AD /* GoogleService-Info.plist in Resources */,
				B87D728E23745C3400303955 /* Assets.xcassets in Resources */,
				B87D728C23745C3300303955 /* Main.storyboard in Resources */,
			);
			runOnlyForDeploymentPostprocessing = 0;
		};
		B8A2605C2393030500AA16AE /* Resources */ = {
			isa = PBXResourcesBuildPhase;
			buildActionMask = 2147483647;
			files = (
				B8A260642393030700AA16AE /* Assets.xcassets in Resources */,
				B8A260622393030500AA16AE /* Interface.storyboard in Resources */,
			);
			runOnlyForDeploymentPostprocessing = 0;
		};
		B8A260682393030700AA16AE /* Resources */ = {
			isa = PBXResourcesBuildPhase;
			buildActionMask = 2147483647;
			files = (
				B8A260762393030700AA16AE /* Assets.xcassets in Resources */,
			);
			runOnlyForDeploymentPostprocessing = 0;
		};
/* End PBXResourcesBuildPhase section */

/* Begin PBXShellScriptBuildPhase section */
		2F946111A63A920710B844ED /* [CP] Embed Pods Frameworks */ = {
			isa = PBXShellScriptBuildPhase;
			buildActionMask = 2147483647;
			files = (
			);
			inputFileListPaths = (
				"${PODS_ROOT}/Target Support Files/Pods-GyMate/Pods-GyMate-frameworks-${CONFIGURATION}-input-files.xcfilelist",
			);
			name = "[CP] Embed Pods Frameworks";
			outputFileListPaths = (
				"${PODS_ROOT}/Target Support Files/Pods-GyMate/Pods-GyMate-frameworks-${CONFIGURATION}-output-files.xcfilelist",
			);
			runOnlyForDeploymentPostprocessing = 0;
			shellPath = /bin/sh;
			shellScript = "\"${PODS_ROOT}/Target Support Files/Pods-GyMate/Pods-GyMate-frameworks.sh\"\n";
			showEnvVarsInLog = 0;
		};
		B2E3700F2FF6A24AA48FB1E8 /* [CP] Check Pods Manifest.lock */ = {
			isa = PBXShellScriptBuildPhase;
			buildActionMask = 2147483647;
			files = (
			);
			inputFileListPaths = (
			);
			inputPaths = (
				"${PODS_PODFILE_DIR_PATH}/Podfile.lock",
				"${PODS_ROOT}/Manifest.lock",
			);
			name = "[CP] Check Pods Manifest.lock";
			outputFileListPaths = (
			);
			outputPaths = (
				"$(DERIVED_FILE_DIR)/Pods-GyMate-checkManifestLockResult.txt",
			);
			runOnlyForDeploymentPostprocessing = 0;
			shellPath = /bin/sh;
			shellScript = "diff \"${PODS_PODFILE_DIR_PATH}/Podfile.lock\" \"${PODS_ROOT}/Manifest.lock\" > /dev/null\nif [ $? != 0 ] ; then\n    # print error to STDERR\n    echo \"error: The sandbox is not in sync with the Podfile.lock. Run 'pod install' or update your CocoaPods installation.\" >&2\n    exit 1\nfi\n# This output is used by Xcode 'outputs' to avoid re-running this script phase.\necho \"SUCCESS\" > \"${SCRIPT_OUTPUT_FILE_0}\"\n";
			showEnvVarsInLog = 0;
		};
/* End PBXShellScriptBuildPhase section */

/* Begin PBXSourcesBuildPhase section */
		B87D727D23745C3300303955 /* Sources */ = {
			isa = PBXSourcesBuildPhase;
			buildActionMask = 2147483647;
			files = (
				B87D728923745C3300303955 /* LoginViewController.swift in Sources */,
				AE2D729A2386E82200E58FC7 /* DashboardViewController.swift in Sources */,
				AE74B645238843D200AB8645 /* SelectWorkoutTableViewCell.swift in Sources */,
				B8507879237CF531004E23B9 /* ManualTypeSelectorViewController.swift in Sources */,
				B82BD8F02375AF4A0070130A /* Question.swift in Sources */,
				B8C450CC2374D0B800C5F714 /* PasswordResetViewController.swift in Sources */,
				AE730821237DE8AB00456AA1 /* Workout.swift in Sources */,
				B87D729F23746A8300303955 /* QuizViewController.swift in Sources */,
				B87D728523745C3300303955 /* AppDelegate.swift in Sources */,
				AE2D729C2386E85B00E58FC7 /* AddWorkoutViewController.swift in Sources */,
				B82BD8EE2375AF390070130A /* BodyTypeQuiz.swift in Sources */,
				B87D729D237465CD00303955 /* SignUpViewController.swift in Sources */,
				AED994602389D74100647594 /* AddExerciseViewController.swift in Sources */,
				B88092062381F4D90030042C /* Exercise.swift in Sources */,
				B826DB662377244700181369 /* QuizAnswer.swift in Sources */,
				AED9945E2389CFC100647594 /* ExerciseTableViewCell.swift in Sources */,
				B85607C5237CE88B0036B693 /* QuizConfirmationViewController.swift in Sources */,
				B87D728723745C3300303955 /* SceneDelegate.swift in Sources */,
			);
			runOnlyForDeploymentPostprocessing = 0;
		};
		B8A260662393030700AA16AE /* Sources */ = {
			isa = PBXSourcesBuildPhase;
			buildActionMask = 2147483647;
			files = (
				B8A260742393030700AA16AE /* NotificationController.swift in Sources */,
				B8A260722393030700AA16AE /* ExtensionDelegate.swift in Sources */,
				B8A260702393030700AA16AE /* InterfaceController.swift in Sources */,
			);
			runOnlyForDeploymentPostprocessing = 0;
		};
/* End PBXSourcesBuildPhase section */

/* Begin PBXTargetDependency section */
		B8A2606D2393030700AA16AE /* PBXTargetDependency */ = {
			isa = PBXTargetDependency;
			target = B8A260692393030700AA16AE /* GyMate Watch Companion Extension */;
			targetProxy = B8A2606C2393030700AA16AE /* PBXContainerItemProxy */;
		};
		B8A2607A2393030700AA16AE /* PBXTargetDependency */ = {
			isa = PBXTargetDependency;
			target = B8A2605D2393030500AA16AE /* GyMate Watch Companion */;
			targetProxy = B8A260792393030700AA16AE /* PBXContainerItemProxy */;
		};
/* End PBXTargetDependency section */

/* Begin PBXVariantGroup section */
		B87D728A23745C3300303955 /* Main.storyboard */ = {
			isa = PBXVariantGroup;
			children = (
				B87D728B23745C3300303955 /* Base */,
			);
			name = Main.storyboard;
			sourceTree = "<group>";
		};
		B87D728F23745C3400303955 /* LaunchScreen.storyboard */ = {
			isa = PBXVariantGroup;
			children = (
				B87D729023745C3400303955 /* Base */,
			);
			name = LaunchScreen.storyboard;
			sourceTree = "<group>";
		};
		B8A260602393030500AA16AE /* Interface.storyboard */ = {
			isa = PBXVariantGroup;
			children = (
				B8A260612393030500AA16AE /* Base */,
			);
			name = Interface.storyboard;
			sourceTree = "<group>";
		};
/* End PBXVariantGroup section */

/* Begin XCBuildConfiguration section */
		B87D729323745C3400303955 /* Debug */ = {
			isa = XCBuildConfiguration;
			buildSettings = {
				ALWAYS_SEARCH_USER_PATHS = NO;
				CLANG_ANALYZER_NONNULL = YES;
				CLANG_ANALYZER_NUMBER_OBJECT_CONVERSION = YES_AGGRESSIVE;
				CLANG_CXX_LANGUAGE_STANDARD = "gnu++14";
				CLANG_CXX_LIBRARY = "libc++";
				CLANG_ENABLE_MODULES = YES;
				CLANG_ENABLE_OBJC_ARC = YES;
				CLANG_ENABLE_OBJC_WEAK = YES;
				CLANG_WARN_BLOCK_CAPTURE_AUTORELEASING = YES;
				CLANG_WARN_BOOL_CONVERSION = YES;
				CLANG_WARN_COMMA = YES;
				CLANG_WARN_CONSTANT_CONVERSION = YES;
				CLANG_WARN_DEPRECATED_OBJC_IMPLEMENTATIONS = YES;
				CLANG_WARN_DIRECT_OBJC_ISA_USAGE = YES_ERROR;
				CLANG_WARN_DOCUMENTATION_COMMENTS = YES;
				CLANG_WARN_EMPTY_BODY = YES;
				CLANG_WARN_ENUM_CONVERSION = YES;
				CLANG_WARN_INFINITE_RECURSION = YES;
				CLANG_WARN_INT_CONVERSION = YES;
				CLANG_WARN_NON_LITERAL_NULL_CONVERSION = YES;
				CLANG_WARN_OBJC_IMPLICIT_RETAIN_SELF = YES;
				CLANG_WARN_OBJC_LITERAL_CONVERSION = YES;
				CLANG_WARN_OBJC_ROOT_CLASS = YES_ERROR;
				CLANG_WARN_RANGE_LOOP_ANALYSIS = YES;
				CLANG_WARN_STRICT_PROTOTYPES = YES;
				CLANG_WARN_SUSPICIOUS_MOVE = YES;
				CLANG_WARN_UNGUARDED_AVAILABILITY = YES_AGGRESSIVE;
				CLANG_WARN_UNREACHABLE_CODE = YES;
				CLANG_WARN__DUPLICATE_METHOD_MATCH = YES;
				COPY_PHASE_STRIP = NO;
				DEBUG_INFORMATION_FORMAT = dwarf;
				ENABLE_STRICT_OBJC_MSGSEND = YES;
				ENABLE_TESTABILITY = YES;
				GCC_C_LANGUAGE_STANDARD = gnu11;
				GCC_DYNAMIC_NO_PIC = NO;
				GCC_NO_COMMON_BLOCKS = YES;
				GCC_OPTIMIZATION_LEVEL = 0;
				GCC_PREPROCESSOR_DEFINITIONS = (
					"DEBUG=1",
					"$(inherited)",
				);
				GCC_WARN_64_TO_32_BIT_CONVERSION = YES;
				GCC_WARN_ABOUT_RETURN_TYPE = YES_ERROR;
				GCC_WARN_UNDECLARED_SELECTOR = YES;
				GCC_WARN_UNINITIALIZED_AUTOS = YES_AGGRESSIVE;
				GCC_WARN_UNUSED_FUNCTION = YES;
				GCC_WARN_UNUSED_VARIABLE = YES;
				IPHONEOS_DEPLOYMENT_TARGET = 13.2;
				MTL_ENABLE_DEBUG_INFO = INCLUDE_SOURCE;
				MTL_FAST_MATH = YES;
				ONLY_ACTIVE_ARCH = YES;
				SDKROOT = iphoneos;
				SWIFT_ACTIVE_COMPILATION_CONDITIONS = DEBUG;
				SWIFT_OPTIMIZATION_LEVEL = "-Onone";
			};
			name = Debug;
		};
		B87D729423745C3400303955 /* Release */ = {
			isa = XCBuildConfiguration;
			buildSettings = {
				ALWAYS_SEARCH_USER_PATHS = NO;
				CLANG_ANALYZER_NONNULL = YES;
				CLANG_ANALYZER_NUMBER_OBJECT_CONVERSION = YES_AGGRESSIVE;
				CLANG_CXX_LANGUAGE_STANDARD = "gnu++14";
				CLANG_CXX_LIBRARY = "libc++";
				CLANG_ENABLE_MODULES = YES;
				CLANG_ENABLE_OBJC_ARC = YES;
				CLANG_ENABLE_OBJC_WEAK = YES;
				CLANG_WARN_BLOCK_CAPTURE_AUTORELEASING = YES;
				CLANG_WARN_BOOL_CONVERSION = YES;
				CLANG_WARN_COMMA = YES;
				CLANG_WARN_CONSTANT_CONVERSION = YES;
				CLANG_WARN_DEPRECATED_OBJC_IMPLEMENTATIONS = YES;
				CLANG_WARN_DIRECT_OBJC_ISA_USAGE = YES_ERROR;
				CLANG_WARN_DOCUMENTATION_COMMENTS = YES;
				CLANG_WARN_EMPTY_BODY = YES;
				CLANG_WARN_ENUM_CONVERSION = YES;
				CLANG_WARN_INFINITE_RECURSION = YES;
				CLANG_WARN_INT_CONVERSION = YES;
				CLANG_WARN_NON_LITERAL_NULL_CONVERSION = YES;
				CLANG_WARN_OBJC_IMPLICIT_RETAIN_SELF = YES;
				CLANG_WARN_OBJC_LITERAL_CONVERSION = YES;
				CLANG_WARN_OBJC_ROOT_CLASS = YES_ERROR;
				CLANG_WARN_RANGE_LOOP_ANALYSIS = YES;
				CLANG_WARN_STRICT_PROTOTYPES = YES;
				CLANG_WARN_SUSPICIOUS_MOVE = YES;
				CLANG_WARN_UNGUARDED_AVAILABILITY = YES_AGGRESSIVE;
				CLANG_WARN_UNREACHABLE_CODE = YES;
				CLANG_WARN__DUPLICATE_METHOD_MATCH = YES;
				COPY_PHASE_STRIP = NO;
				DEBUG_INFORMATION_FORMAT = "dwarf-with-dsym";
				ENABLE_NS_ASSERTIONS = NO;
				ENABLE_STRICT_OBJC_MSGSEND = YES;
				GCC_C_LANGUAGE_STANDARD = gnu11;
				GCC_NO_COMMON_BLOCKS = YES;
				GCC_WARN_64_TO_32_BIT_CONVERSION = YES;
				GCC_WARN_ABOUT_RETURN_TYPE = YES_ERROR;
				GCC_WARN_UNDECLARED_SELECTOR = YES;
				GCC_WARN_UNINITIALIZED_AUTOS = YES_AGGRESSIVE;
				GCC_WARN_UNUSED_FUNCTION = YES;
				GCC_WARN_UNUSED_VARIABLE = YES;
				IPHONEOS_DEPLOYMENT_TARGET = 13.2;
				MTL_ENABLE_DEBUG_INFO = NO;
				MTL_FAST_MATH = YES;
				SDKROOT = iphoneos;
				SWIFT_COMPILATION_MODE = wholemodule;
				SWIFT_OPTIMIZATION_LEVEL = "-O";
				VALIDATE_PRODUCT = YES;
			};
			name = Release;
		};
		B87D729623745C3400303955 /* Debug */ = {
			isa = XCBuildConfiguration;
			baseConfigurationReference = 50F59808A52EE74937FF330A /* Pods-GyMate.debug.xcconfig */;
			buildSettings = {
				ASSETCATALOG_COMPILER_APPICON_NAME = AppIcon;
				CODE_SIGN_ENTITLEMENTS = GyMate/GyMate.entitlements;
				CODE_SIGN_STYLE = Automatic;
				DEVELOPMENT_TEAM = L53TEA5UHM;
				INFOPLIST_FILE = GyMate/Info.plist;
				LD_RUNPATH_SEARCH_PATHS = (
					"$(inherited)",
					"@executable_path/Frameworks",
				);
				PRODUCT_BUNDLE_IDENTIFIER = ca.sykesdev.GyMate;
				PRODUCT_NAME = "$(TARGET_NAME)";
				SWIFT_VERSION = 5.0;
				TARGETED_DEVICE_FAMILY = 1;
			};
			name = Debug;
		};
		B87D729723745C3400303955 /* Release */ = {
			isa = XCBuildConfiguration;
			baseConfigurationReference = EE913EA30AE51780CE2ABFEF /* Pods-GyMate.release.xcconfig */;
			buildSettings = {
				ASSETCATALOG_COMPILER_APPICON_NAME = AppIcon;
				CODE_SIGN_ENTITLEMENTS = GyMate/GyMate.entitlements;
				CODE_SIGN_STYLE = Automatic;
				DEVELOPMENT_TEAM = L53TEA5UHM;
				INFOPLIST_FILE = GyMate/Info.plist;
				LD_RUNPATH_SEARCH_PATHS = (
					"$(inherited)",
					"@executable_path/Frameworks",
				);
				PRODUCT_BUNDLE_IDENTIFIER = ca.sykesdev.GyMate;
				PRODUCT_NAME = "$(TARGET_NAME)";
				SWIFT_VERSION = 5.0;
				TARGETED_DEVICE_FAMILY = 1;
			};
			name = Release;
		};
		B8A2607D2393030800AA16AE /* Debug */ = {
			isa = XCBuildConfiguration;
			buildSettings = {
				ALWAYS_EMBED_SWIFT_STANDARD_LIBRARIES = YES;
				ASSETCATALOG_COMPILER_APPICON_NAME = AppIcon;
				CODE_SIGN_STYLE = Automatic;
				DEVELOPMENT_TEAM = L53TEA5UHM;
				IBSC_MODULE = GyMate_Watch_Companion_Extension;
				INFOPLIST_FILE = "GyMate Watch Companion/Info.plist";
				PRODUCT_BUNDLE_IDENTIFIER = ca.sykesdev.GyMate.watchkitapp;
				PRODUCT_NAME = "$(TARGET_NAME)";
				SDKROOT = watchos;
				SKIP_INSTALL = YES;
				SWIFT_VERSION = 5.0;
				TARGETED_DEVICE_FAMILY = 4;
				WATCHOS_DEPLOYMENT_TARGET = 6.1;
			};
			name = Debug;
		};
		B8A2607E2393030800AA16AE /* Release */ = {
			isa = XCBuildConfiguration;
			buildSettings = {
				ALWAYS_EMBED_SWIFT_STANDARD_LIBRARIES = YES;
				ASSETCATALOG_COMPILER_APPICON_NAME = AppIcon;
				CODE_SIGN_STYLE = Automatic;
				DEVELOPMENT_TEAM = L53TEA5UHM;
				IBSC_MODULE = GyMate_Watch_Companion_Extension;
				INFOPLIST_FILE = "GyMate Watch Companion/Info.plist";
				PRODUCT_BUNDLE_IDENTIFIER = ca.sykesdev.GyMate.watchkitapp;
				PRODUCT_NAME = "$(TARGET_NAME)";
				SDKROOT = watchos;
				SKIP_INSTALL = YES;
				SWIFT_VERSION = 5.0;
				TARGETED_DEVICE_FAMILY = 4;
				WATCHOS_DEPLOYMENT_TARGET = 6.1;
			};
			name = Release;
		};
		B8A260802393030800AA16AE /* Debug */ = {
			isa = XCBuildConfiguration;
			buildSettings = {
				ASSETCATALOG_COMPILER_COMPLICATION_NAME = Complication;
				CODE_SIGN_STYLE = Automatic;
				DEVELOPMENT_TEAM = L53TEA5UHM;
				INFOPLIST_FILE = "GyMate Watch Companion Extension/Info.plist";
				LD_RUNPATH_SEARCH_PATHS = (
					"$(inherited)",
					"@executable_path/Frameworks",
					"@executable_path/../../Frameworks",
				);
				PRODUCT_BUNDLE_IDENTIFIER = ca.sykesdev.GyMate.watchkitapp.watchkitextension;
				PRODUCT_NAME = "${TARGET_NAME}";
				SDKROOT = watchos;
				SKIP_INSTALL = YES;
				SWIFT_VERSION = 5.0;
				TARGETED_DEVICE_FAMILY = 4;
				WATCHOS_DEPLOYMENT_TARGET = 6.1;
			};
			name = Debug;
		};
		B8A260812393030800AA16AE /* Release */ = {
			isa = XCBuildConfiguration;
			buildSettings = {
				ASSETCATALOG_COMPILER_COMPLICATION_NAME = Complication;
				CODE_SIGN_STYLE = Automatic;
				DEVELOPMENT_TEAM = L53TEA5UHM;
				INFOPLIST_FILE = "GyMate Watch Companion Extension/Info.plist";
				LD_RUNPATH_SEARCH_PATHS = (
					"$(inherited)",
					"@executable_path/Frameworks",
					"@executable_path/../../Frameworks",
				);
				PRODUCT_BUNDLE_IDENTIFIER = ca.sykesdev.GyMate.watchkitapp.watchkitextension;
				PRODUCT_NAME = "${TARGET_NAME}";
				SDKROOT = watchos;
				SKIP_INSTALL = YES;
				SWIFT_VERSION = 5.0;
				TARGETED_DEVICE_FAMILY = 4;
				WATCHOS_DEPLOYMENT_TARGET = 6.1;
			};
			name = Release;
		};
/* End XCBuildConfiguration section */

/* Begin XCConfigurationList section */
		B87D727C23745C3300303955 /* Build configuration list for PBXProject "GyMate" */ = {
			isa = XCConfigurationList;
			buildConfigurations = (
				B87D729323745C3400303955 /* Debug */,
				B87D729423745C3400303955 /* Release */,
			);
			defaultConfigurationIsVisible = 0;
			defaultConfigurationName = Release;
		};
		B87D729523745C3400303955 /* Build configuration list for PBXNativeTarget "GyMate" */ = {
			isa = XCConfigurationList;
			buildConfigurations = (
				B87D729623745C3400303955 /* Debug */,
				B87D729723745C3400303955 /* Release */,
			);
			defaultConfigurationIsVisible = 0;
			defaultConfigurationName = Release;
		};
		B8A260822393030800AA16AE /* Build configuration list for PBXNativeTarget "GyMate Watch Companion Extension" */ = {
			isa = XCConfigurationList;
			buildConfigurations = (
				B8A260802393030800AA16AE /* Debug */,
				B8A260812393030800AA16AE /* Release */,
			);
			defaultConfigurationIsVisible = 0;
			defaultConfigurationName = Release;
		};
		B8A260832393030800AA16AE /* Build configuration list for PBXNativeTarget "GyMate Watch Companion" */ = {
			isa = XCConfigurationList;
			buildConfigurations = (
				B8A2607D2393030800AA16AE /* Debug */,
				B8A2607E2393030800AA16AE /* Release */,
			);
			defaultConfigurationIsVisible = 0;
			defaultConfigurationName = Release;
		};
/* End XCConfigurationList section */
	};
	rootObject = B87D727923745C3300303955 /* Project object */;
}
